
Microsoft Visual Studio Solution File, Format Version 12.00
# Visual Studio Version 17
VisualStudioVersion = 17.14.37411.7
MinimumVisualStudioVersion = 10.0.40219.1
Project("{FAE04EC0-301F-11D3-BF4B-00C04F79EFBC}") = "TradingPlatform.Api", "TradingPlatform.Api\TradingPlatform.Api.csproj", "{93CB3BD7-9179-43A8-8E10-540E7C7CB433}"
EndProject
Project("{2150E333-8FDC-42A3-9474-1A3956D46DE8}") = "docs", "docs", "{02EA681E-C7D8-13C7-8484-4AC65E1B71E8}"
	ProjectSection(SolutionItems) = preProject
		api-investigation.md = api-investigation.md
		assumptions.md = assumptions.md
		trading-platform-plan.md = trading-platform-plan.md
	EndProjectSection
EndProject
Project("{2150E333-8FDC-42A3-9474-1A3956D46DE8}") = "Solution Items", "Solution Items", "{8EC462FD-D22E-90A8-E5CE-7E832BA40C5D}"
	ProjectSection(SolutionItems) = preProject
		AI_HANDOFF.md = AI_HANDOFF.md
		README.md = README.md
	EndProjectSection
EndProject
Project("{2150E333-8FDC-42A3-9474-1A3956D46DE8}") = "db", "db", "{9E073EFE-A6B8-4008-8DFC-72C745741682}"
	ProjectSection(SolutionItems) = preProject
		schema.sql = schema.sql
	EndProjectSection
EndProject
Project("{2150E333-8FDC-42A3-9474-1A3956D46DE8}") = "trader-web", "trader-web", "{A291C44C-39D7-4E99-9199-7959087A1508}"
EndProject
Global
	GlobalSection(SolutionConfigurationPlatforms) = preSolution
		Debug|Any CPU = Debug|Any CPU
		Release|Any CPU = Release|Any CPU
	EndGlobalSection
	GlobalSection(ProjectConfigurationPlatforms) = postSolution
		{93CB3BD7-9179-43A8-8E10-540E7C7CB433}.Debug|Any CPU.ActiveCfg = Debug|Any CPU
		{93CB3BD7-9179-43A8-8E10-540E7C7CB433}.Debug|Any CPU.Build.0 = Debug|Any CPU
		{93CB3BD7-9179-43A8-8E10-540E7C7CB433}.Release|Any CPU.ActiveCfg = Release|Any CPU
		{93CB3BD7-9179-43A8-8E10-540E7C7CB433}.Release|Any CPU.Build.0 = Release|Any CPU
	EndGlobalSection
	GlobalSection(SolutionProperties) = preSolution
		HideSolutionNode = FALSE
	EndGlobalSection
	GlobalSection(ExtensibilityGlobals) = postSolution
		SolutionGuid = {EA637704-C216-494F-930F-011D96A0AF87}
	EndGlobalSection
EndGlobal
